{
  "nodes": {
    "eldritch-nvim": {
      "flake": false,
      "locked": {
        "lastModified": 1778546492,
        "narHash": "sha256-7gK3a2zwQqDgdfeIMfsSHyMIEa4oVBwDAKYHaFqyBFw=",
        "owner": "eldritch-theme",
        "repo": "eldritch.nvim",
        "rev": "c9131a5a11f00a2f428f563a4eb2c4aeb680d963",
        "type": "github"
      },
      "original": {
        "owner": "eldritch-theme",
        "repo": "eldritch.nvim",
        "type": "github"
      }
    },
    "flake-compat": {
      "flake": false,
      "locked": {
        "lastModified": 1777699697,
        "narHash": "sha256-Eg9b/rq/ECYwNwEXs5i9wHyhxNI0JrYx2srdI2uZMaQ=",
        "ref": "refs/heads/main",
        "rev": "382052b74656a369c5408822af3f2501e9b1af81",
        "revCount": 94,
        "type": "git",
        "url": "https://git.lix.systems/lix-project/flake-compat.git"
      },
      "original": {
        "type": "git",
        "url": "https://git.lix.systems/lix-project/flake-compat.git"
      }
    },
    "flake-parts": {
      "inputs": {
        "nixpkgs-lib": "nixpkgs-lib"
      },
      "locked": {
        "lastModified": 1788450739,
        "narHash": "sha256-glZLQlzIn1fXH6PazR2iUmTo7kzzyYSshrWhLS9TqCU=",
        "owner": "hercules-ci",
        "repo": "flake-parts",
        "rev": "31729ca8cbdb4fa927b34e5f4353e6a83f39e993",
        "type": "github"
      },
      "original": {
        "owner": "hercules-ci",
        "repo": "flake-parts",
        "type": "github"
      }
    },
    "milli-nvim": {
      "flake": false,
      "locked": {
        "lastModified": 1783314567,
        "narHash": "sha256-8eDQL90GVT0eoGrpOuul3PuehRtiB66N1FdggOczjEE=",
        "owner": "Amansingh-afk",
        "repo": "milli.nvim",
        "rev": "6e94122fcc783bcee7d30b05cedc53beddb01104",
        "type": "github"
      },
      "original": {
        "owner": "Amansingh-afk",
        "repo": "milli.nvim",
        "type": "github"
      }
    },
    "mnw": {
      "locked": {
        "lastModified": 1780772958,
        "narHash": "sha256-VKKe8r4pwCGWZ3Yr9CPN129R4S3CKLSrlYqdYz3vKpM=",
        "owner": "Gerg-L",
        "repo": "mnw",
        "rev": "0871dbf63a53610c95db04439ed8ea4d6ec9c160",
        "type": "github"
      },
      "original": {
        "owner": "Gerg-L",
        "repo": "mnw",
        "type": "github"
      }
    },
    "nixpkgs": {
      "locked": {
        "lastModified": 1788752844,
        "narHash": "sha256-VaWGJ6+cIYN2erfSecbRV+4ljI185Ty2wUrXyvQbgOw=",
        "owner": "nixos",
        "repo": "nixpkgs",
        "rev": "dc5d91f840324650bac8c379428c7037a416959a",
        "type": "github"
      },
      "original": {
        "owner": "nixos",
        "ref": "nixos-unstable",
        "repo": "nixpkgs",
        "type": "github"
      }
    },
    "nixpkgs-lib": {
      "locked": {
        "lastModified": 1788057806,
        "narHash": "sha256-DTQSMxzDWmT0zhguthvegnVkn7CFqGCv4IHCzk5ZUpM=",
        "owner": "nix-community",
        "repo": "nixpkgs.lib",
        "rev": "596e2e3940e09b2abbeb03f75fa1828c57fcd72c",
        "type": "github"
      },
      "original": {
        "owner": "nix-community",
        "repo": "nixpkgs.lib",
        "type": "github"
      }
    },
    "nixpkgs_2": {
      "locked": {
        "lastModified": 1787498568,
        "narHash": "sha256-FoOSoBG7tEvOlGRTpWnVdY506Ner4y7r7UYO3OGgmE8=",
        "rev": "56c02bc00adcf003215cc4bd996d6efaf4cff188",
        "type": "tarball",
        "url": "https://releases.nixos.org/nixos/unstable/nixos-26.11pre1060451.56c02bc00adc/nixexprs.tar.xz"
      },
      "original": {
        "type": "tarball",
        "url": "https://channels.nixos.org/nixos-unstable/nixexprs.tar.xz"
      }
    },
    "nvf": {
      "inputs": {
        "flake-compat": "flake-compat",
        "mnw": "mnw",
        "nixpkgs": "nixpkgs_2"
      },
      "locked": {
        "lastModified": 1788873411,
        "narHash": "sha256-PEcPDc5QRRlzYYGQuGuh7OMMLZ1TC5hLHt3whFBRSS0=",
        "owner": "notashelf",
        "repo": "nvf",
        "rev": "4771b6b78c203c090799ca6984d73c54e77228d6",
        "type": "github"
      },
      "original": {
        "owner": "notashelf",
        "repo": "nvf",
        "type": "github"
      }
    },
    "presenting-nvim": {
      "flake": false,
      "locked": {
        "lastModified": 1783363009,
        "narHash": "sha256-nAOKUW01KyC5kCP86s0KUsNPfb9wWngDNH3KWvKBwo8=",
        "owner": "sotte",
        "repo": "presenting.nvim",
        "rev": "aa32b58b86fb1467922396f058cd69b1dc85b6e6",
        "type": "github"
      },
      "original": {
        "owner": "sotte",
        "repo": "presenting.nvim",
        "type": "github"
      }
    },
    "resolved-nvim": {
      "flake": false,
      "locked": {
        "lastModified": 1788418796,
        "narHash": "sha256-OMFWDtIAXKKCCvXEge77qB4tH/QAetYwaU01HPDKoO0=",
        "owner": "noamsto",
        "repo": "resolved.nvim",
        "rev": "6bf81f14d3bf1439784a7adf262b073b8f6d7be4",
        "type": "github"
      },
      "original": {
        "owner": "noamsto",
        "repo": "resolved.nvim",
        "type": "github"
      }
    },
    "root": {
      "inputs": {
        "eldritch-nvim": "eldritch-nvim",
        "flake-parts": "flake-parts",
        "milli-nvim": "milli-nvim",
        "nixpkgs": "nixpkgs",
        "nvf": "nvf",
        "presenting-nvim": "presenting-nvim",
        "resolved-nvim": "resolved-nvim"
      }
    }
  },
  "root": "root",
  "version": 7
}
