{
  "nodes": {
    "eldritch-nvim": {
      "flake": false,
      "locked": {
        "lastModified": 1778546492,
        "narHash": "sha256-7gK3a2zwQqDgdfeIMfsSHyMIEa4oVBwDAKYHaFqyBFw=",
        "owner": "eldritch-theme",
        "repo": "eldritch.nvim",
        "rev": "c9131a5a11f00a2f428f563a4eb2c4aeb680d963",
        "type": "github"
      },
      "original": {
        "owner": "eldritch-theme",
        "repo": "eldritch.nvim",
        "type": "github"
      }
    },
    "flake-compat": {
      "flake": false,
      "locked": {
        "lastModified": 1777699697,
        "narHash": "sha256-Eg9b/rq/ECYwNwEXs5i9wHyhxNI0JrYx2srdI2uZMaQ=",
        "ref": "refs/heads/main",
        "rev": "382052b74656a369c5408822af3f2501e9b1af81",
        "revCount": 94,
        "type": "git",
        "url": "https://git.lix.systems/lix-project/flake-compat.git"
      },
      "original": {
        "type": "git",
        "url": "https://git.lix.systems/lix-project/flake-compat.git"
      }
    },
    "flake-parts": {
      "inputs": {
        "nixpkgs-lib": "nixpkgs-lib"
      },
      "locked": {
        "lastModified": 1778716662,
        "narHash": "sha256-m1Yf0wZ8j1OHjTc2UwHwyQRSnNeSgLJOd7q5Y45hzi4=",
        "owner": "hercules-ci",
        "repo": "flake-parts",
        "rev": "f7c1a2d347e4c52d5fb8d10cb4d94b5884e546fb",
        "type": "github"
      },
      "original": {
        "owner": "hercules-ci",
        "repo": "flake-parts",
        "type": "github"
      }
    },
    "flake-parts_2": {
      "inputs": {
        "nixpkgs-lib": [
          "nvf",
          "nixpkgs"
        ]
      },
      "locked": {
        "lastModified": 1778716662,
        "narHash": "sha256-m1Yf0wZ8j1OHjTc2UwHwyQRSnNeSgLJOd7q5Y45hzi4=",
        "owner": "hercules-ci",
        "repo": "flake-parts",
        "rev": "f7c1a2d347e4c52d5fb8d10cb4d94b5884e546fb",
        "type": "github"
      },
      "original": {
        "owner": "hercules-ci",
        "repo": "flake-parts",
        "type": "github"
      }
    },
    "milli-nvim": {
      "flake": false,
      "locked": {
        "lastModified": 1778736675,
        "narHash": "sha256-EtrBQH8vzBMUF/Wp7t46sb39RQSPyGZWT+HucPoRxVg=",
        "owner": "Amansingh-afk",
        "repo": "milli.nvim",
        "rev": "00274623b76a66356e31e1861360b269987a7f64",
        "type": "github"
      },
      "original": {
        "owner": "Amansingh-afk",
        "repo": "milli.nvim",
        "type": "github"
      }
    },
    "mnw": {
      "locked": {
        "lastModified": 1780772958,
        "narHash": "sha256-VKKe8r4pwCGWZ3Yr9CPN129R4S3CKLSrlYqdYz3vKpM=",
        "owner": "Gerg-L",
        "repo": "mnw",
        "rev": "0871dbf63a53610c95db04439ed8ea4d6ec9c160",
        "type": "github"
      },
      "original": {
        "owner": "Gerg-L",
        "repo": "mnw",
        "type": "github"
      }
    },
    "nixpkgs": {
      "locked": {
        "lastModified": 1782723713,
        "narHash": "sha256-oPXCU/SSUokcGaJREHibG1CBX3+s/W7orDWQOZDsEeQ=",
        "owner": "nixos",
        "repo": "nixpkgs",
        "rev": "b5aa0fbd538984f6e3d201be0005b4463d8b09f8",
        "type": "github"
      },
      "original": {
        "owner": "nixos",
        "ref": "nixos-unstable",
        "repo": "nixpkgs",
        "type": "github"
      }
    },
    "nixpkgs-lib": {
      "locked": {
        "lastModified": 1777168982,
        "narHash": "sha256-GOkGPcboWE9BmGCRMLX3worL4EMnsnG8MyKmXNeYuhQ=",
        "owner": "nix-community",
        "repo": "nixpkgs.lib",
        "rev": "f5901329dade4a6ea039af1433fb087bd9c1fe14",
        "type": "github"
      },
      "original": {
        "owner": "nix-community",
        "repo": "nixpkgs.lib",
        "type": "github"
      }
    },
    "nixpkgs_2": {
      "locked": {
        "lastModified": 1781216227,
        "narHash": "sha256-9mUW6gNwoN2SWc/l0fW4svPNOulXLl8ijqKyeSOGgJE=",
        "owner": "nixos",
        "repo": "nixpkgs",
        "rev": "a0374025a863d007d98e3297f6aa46cc3141c2f0",
        "type": "github"
      },
      "original": {
        "owner": "nixos",
        "ref": "nixos-26.05",
        "repo": "nixpkgs",
        "type": "github"
      }
    },
    "nvf": {
      "inputs": {
        "flake-compat": "flake-compat",
        "flake-parts": "flake-parts_2",
        "mnw": "mnw",
        "nixpkgs": "nixpkgs_2",
        "systems": "systems"
      },
      "locked": {
        "lastModified": 1782660650,
        "narHash": "sha256-d4Ndt82q9bhL+iKFr1reufZyE/MTdULzN3kEkXsNG88=",
        "owner": "notashelf",
        "repo": "nvf",
        "rev": "18d2d23191250c7f597d85da07d860eb05f9e1be",
        "type": "github"
      },
      "original": {
        "owner": "notashelf",
        "repo": "nvf",
        "type": "github"
      }
    },
    "presenting-nvim": {
      "flake": false,
      "locked": {
        "lastModified": 1758962116,
        "narHash": "sha256-Q/SNFkMSREVEeDiikdMXQCVxrt3iThQUh08YMcN9qSk=",
        "owner": "sotte",
        "repo": "presenting.nvim",
        "rev": "e78245995a09233e243bf48169b2f00dc76341f7",
        "type": "github"
      },
      "original": {
        "owner": "sotte",
        "repo": "presenting.nvim",
        "type": "github"
      }
    },
    "resolved-nvim": {
      "flake": false,
      "locked": {
        "lastModified": 1774209514,
        "narHash": "sha256-ZwERVahrkkgRmDflJT6yf19ezv+YuTzY9/rTDpHst8Y=",
        "owner": "noamsto",
        "repo": "resolved.nvim",
        "rev": "156bec20c460d28cc4b78bf6a265ea45447d413f",
        "type": "github"
      },
      "original": {
        "owner": "noamsto",
        "repo": "resolved.nvim",
        "type": "github"
      }
    },
    "root": {
      "inputs": {
        "eldritch-nvim": "eldritch-nvim",
        "flake-parts": "flake-parts",
        "milli-nvim": "milli-nvim",
        "nixpkgs": "nixpkgs",
        "nvf": "nvf",
        "presenting-nvim": "presenting-nvim",
        "resolved-nvim": "resolved-nvim"
      }
    },
    "systems": {
      "locked": {
        "lastModified": 1681028828,
        "narHash": "sha256-Vy1rq5AaRuLzOxct8nz4T6wlgyUR7zLU309k9mBC768=",
        "owner": "nix-systems",
        "repo": "default",
        "rev": "da67096a3b9bf56a91d16901293e51ba5b49a27e",
        "type": "github"
      },
      "original": {
        "owner": "nix-systems",
        "repo": "default",
        "type": "github"
      }
    }
  },
  "root": "root",
  "version": 7
}
